
Microsoft Visual Studio Solution File, Format Version 12.00
# Visual Studio Version 17
VisualStudioVersion = 17.7.34221.43
MinimumVisualStudioVersion = 10.0.40219.1
Project("{FAE04EC0-301F-11D3-BF4B-00C04F79EFBC}") = "JokesWebApp", "JokesWebApp.csproj", "{0E68A8DF-0F2C-416D-9807-D0189AC4FEEC}"
EndProject
Global
	GlobalSection(SolutionConfigurationPlatforms) = preSolution
		Debug|Any CPU = Debug|Any CPU
		Release|Any CPU = Release|Any CPU
	EndGlobalSection
	GlobalSection(ProjectConfigurationPlatforms) = postSolution
		{0E68A8DF-0F2C-416D-9807-D0189AC4FEEC}.Debug|Any CPU.ActiveCfg = Debug|Any CPU
		{0E68A8DF-0F2C-416D-9807-D0189AC4FEEC}.Debug|Any CPU.Build.0 = Debug|Any CPU
		{0E68A8DF-0F2C-416D-9807-D0189AC4FEEC}.Release|Any CPU.ActiveCfg = Release|Any CPU
		{0E68A8DF-0F2C-416D-9807-D0189AC4FEEC}.Release|Any CPU.Build.0 = Release|Any CPU
	EndGlobalSection
	GlobalSection(SolutionProperties) = preSolution
		HideSolutionNode = FALSE
	EndGlobalSection
	GlobalSection(ExtensibilityGlobals) = postSolution
		SolutionGuid = {650D8D51-1CB0-4F22-9D0C-7AAC8D9549AE}
	EndGlobalSection
EndGlobal
